
Microsoft Visual Studio Solution File, Format Version 12.00
# Visual Studio Version 17
VisualStudioVersion = 17.6.33829.357
MinimumVisualStudioVersion = 10.0.40219.1
Project("{9A19103F-16F7-4668-BE54-9A1E7A4F7556}") = "PC&ConsoleGames.WebApi", "PC&ConsoleGames.WebApi\PC&ConsoleGames.WebApi.csproj", "{00363C2E-45FB-4FEB-8CC5-D8B07AFD9365}"
EndProject
Project("{9A19103F-16F7-4668-BE54-9A1E7A4F7556}") = "PC&ConsoleGames.Core", "PC&ConsoleGames.Core\PC&ConsoleGames.Core.csproj", "{09C925FB-2CD2-4F82-89D4-73D3F8F0B610}"
EndProject
Project("{9A19103F-16F7-4668-BE54-9A1E7A4F7556}") = "PC&ConsoleGames.Infrastructure", "PC&ConsoleGames.Infrastructure\PC&ConsoleGames.Infrastructure.csproj", "{B55B68AE-2824-454C-AAF2-EFE9BB79F72E}"
EndProject
Global
	GlobalSection(SolutionConfigurationPlatforms) = preSolution
		Debug|Any CPU = Debug|Any CPU
		Release|Any CPU = Release|Any CPU
	EndGlobalSection
	GlobalSection(ProjectConfigurationPlatforms) = postSolution
		{00363C2E-45FB-4FEB-8CC5-D8B07AFD9365}.Debug|Any CPU.ActiveCfg = Debug|Any CPU
		{00363C2E-45FB-4FEB-8CC5-D8B07AFD9365}.Debug|Any CPU.Build.0 = Debug|Any CPU
		{00363C2E-45FB-4FEB-8CC5-D8B07AFD9365}.Release|Any CPU.ActiveCfg = Release|Any CPU
		{00363C2E-45FB-4FEB-8CC5-D8B07AFD9365}.Release|Any CPU.Build.0 = Release|Any CPU
		{09C925FB-2CD2-4F82-89D4-73D3F8F0B610}.Debug|Any CPU.ActiveCfg = Debug|Any CPU
		{09C925FB-2CD2-4F82-89D4-73D3F8F0B610}.Debug|Any CPU.Build.0 = Debug|Any CPU
		{09C925FB-2CD2-4F82-89D4-73D3F8F0B610}.Release|Any CPU.ActiveCfg = Release|Any CPU
		{09C925FB-2CD2-4F82-89D4-73D3F8F0B610}.Release|Any CPU.Build.0 = Release|Any CPU
		{B55B68AE-2824-454C-AAF2-EFE9BB79F72E}.Debug|Any CPU.ActiveCfg = Debug|Any CPU
		{B55B68AE-2824-454C-AAF2-EFE9BB79F72E}.Debug|Any CPU.Build.0 = Debug|Any CPU
		{B55B68AE-2824-454C-AAF2-EFE9BB79F72E}.Release|Any CPU.ActiveCfg = Release|Any CPU
		{B55B68AE-2824-454C-AAF2-EFE9BB79F72E}.Release|Any CPU.Build.0 = Release|Any CPU
	EndGlobalSection
	GlobalSection(SolutionProperties) = preSolution
		HideSolutionNode = FALSE
	EndGlobalSection
	GlobalSection(ExtensibilityGlobals) = postSolution
		SolutionGuid = {5526CE8F-E251-45DF-9850-592003A1ACCC}
	EndGlobalSection
EndGlobal
