
Microsoft Visual Studio Solution File, Format Version 12.00
# Visual Studio Version 17
VisualStudioVersion = 17.6.33829.357
MinimumVisualStudioVersion = 10.0.40219.1
Project("{FAE04EC0-301F-11D3-BF4B-00C04F79EFBC}") = "PC&ConsoleGames.WebApi", "WebApi\PC&ConsoleGames.WebApi.csproj", "{B015F8B7-150A-434A-B4CE-F0A42EC8379D}"
EndProject
Project("{FAE04EC0-301F-11D3-BF4B-00C04F79EFBC}") = "PC&ConsoleGames.DataAccess", "PC&ConsoleGames.DataAccess\PC&ConsoleGames.DataAccess.csproj", "{FA8831D0-912F-415B-B406-22DCF314DFA5}"
EndProject
Project("{FAE04EC0-301F-11D3-BF4B-00C04F79EFBC}") = "PC&ConsoleGames.BusinessLogic", "PC&ConsoleGames.BusinessLogic\PC&ConsoleGames.BusinessLogic.csproj", "{93E590C7-AEB0-4692-B04F-7283489BEEA5}"
EndProject
Global
	GlobalSection(SolutionConfigurationPlatforms) = preSolution
		Debug|Any CPU = Debug|Any CPU
		Release|Any CPU = Release|Any CPU
	EndGlobalSection
	GlobalSection(ProjectConfigurationPlatforms) = postSolution
		{B015F8B7-150A-434A-B4CE-F0A42EC8379D}.Debug|Any CPU.ActiveCfg = Debug|Any CPU
		{B015F8B7-150A-434A-B4CE-F0A42EC8379D}.Debug|Any CPU.Build.0 = Debug|Any CPU
		{B015F8B7-150A-434A-B4CE-F0A42EC8379D}.Release|Any CPU.ActiveCfg = Release|Any CPU
		{B015F8B7-150A-434A-B4CE-F0A42EC8379D}.Release|Any CPU.Build.0 = Release|Any CPU
		{FA8831D0-912F-415B-B406-22DCF314DFA5}.Debug|Any CPU.ActiveCfg = Debug|Any CPU
		{FA8831D0-912F-415B-B406-22DCF314DFA5}.Debug|Any CPU.Build.0 = Debug|Any CPU
		{FA8831D0-912F-415B-B406-22DCF314DFA5}.Release|Any CPU.ActiveCfg = Release|Any CPU
		{FA8831D0-912F-415B-B406-22DCF314DFA5}.Release|Any CPU.Build.0 = Release|Any CPU
		{93E590C7-AEB0-4692-B04F-7283489BEEA5}.Debug|Any CPU.ActiveCfg = Debug|Any CPU
		{93E590C7-AEB0-4692-B04F-7283489BEEA5}.Debug|Any CPU.Build.0 = Debug|Any CPU
		{93E590C7-AEB0-4692-B04F-7283489BEEA5}.Release|Any CPU.ActiveCfg = Release|Any CPU
		{93E590C7-AEB0-4692-B04F-7283489BEEA5}.Release|Any CPU.Build.0 = Release|Any CPU
	EndGlobalSection
	GlobalSection(SolutionProperties) = preSolution
		HideSolutionNode = FALSE
	EndGlobalSection
	GlobalSection(ExtensibilityGlobals) = postSolution
		SolutionGuid = {5526CE8F-E251-45DF-9850-592003A1ACCC}
	EndGlobalSection
EndGlobal
